<?xml version="1.0" encoding="utf-8"?>
<Project ToolsVersion="4.0" xmlns="http://schemas.microsoft.com/developer/msbuild/2003">
  <ItemGroup>
    <Filter Include="源文件">
      <UniqueIdentifier>{4FC737F1-C7A5-4376-A066-2A32D752A2FF}</UniqueIdentifier>
      <Extensions>cpp;c;cc;cxx;c++;cppm;ixx;def;odl;idl;hpj;bat;asm;asmx</Extensions>
    </Filter>
    <Filter Include="头文件">
      <UniqueIdentifier>{93995380-89BD-4b04-88EB-625FBE52EBFB}</UniqueIdentifier>
      <Extensions>h;hh;hpp;hxx;h++;hm;inl;inc;ipp;xsd</Extensions>
    </Filter>
    <Filter Include="资源文件">
      <UniqueIdentifier>{67DA6AB6-F800-4c08-8B7A-83BB121AAD01}</UniqueIdentifier>
      <Extensions>rc;ico;cur;bmp;dlg;rc2;rct;bin;rgs;gif;jpg;jpeg;jpe;resx;tiff;tif;png;wav;mfcribbon-ms</Extensions>
    </Filter>
    <Filter Include="头文件\Data">
      <UniqueIdentifier>{d8ffc169-b12a-4390-a307-1d62c97c4409}</UniqueIdentifier>
    </Filter>
    <Filter Include="源文件\Data">
      <UniqueIdentifier>{4998e8dc-4c9e-4f39-9986-6895625dfa77}</UniqueIdentifier>
    </Filter>
    <Filter Include="源文件\Image">
      <UniqueIdentifier>{9b452608-5ac6-4ba3-87ed-79a16793a0a9}</UniqueIdentifier>
    </Filter>
    <Filter Include="源文件\Render">
      <UniqueIdentifier>{e79f54f5-c351-468f-82c3-5c6857e57795}</UniqueIdentifier>
    </Filter>
    <Filter Include="源文件\ModelFiles">
      <UniqueIdentifier>{cb7e6a4f-45fa-4efa-9e26-0681c24fcda0}</UniqueIdentifier>
    </Filter>
    <Filter Include="头文件\Math">
      <UniqueIdentifier>{80c0c3b8-aa91-4ffc-a754-a9c0e110bc1d}</UniqueIdentifier>
    </Filter>
    <Filter Include="源文件\Math">
      <UniqueIdentifier>{5c846159-29a0-4387-ad70-6e6193450bcb}</UniqueIdentifier>
    </Filter>
    <Filter Include="头文件\Render">
      <UniqueIdentifier>{1cbe9be0-9c24-4b67-bd6b-2fab3d3a9f20}</UniqueIdentifier>
    </Filter>
  </ItemGroup>
  <ItemGroup>
    <ClCompile Include="RikkiRender.cpp">
      <Filter>源文件</Filter>
    </ClCompile>
    <ClCompile Include="tgaimage.cpp">
      <Filter>源文件\Data</Filter>
    </ClCompile>
    <ClCompile Include="OBJParser.cpp">
      <Filter>源文件\Data</Filter>
    </ClCompile>
    <ClCompile Include="GraphicDrawing.cpp">
      <Filter>源文件\Render</Filter>
    </ClCompile>
    <ClCompile Include="CustomAlgorithm.cpp">
      <Filter>源文件\Math</Filter>
    </ClCompile>
  </ItemGroup>
  <ItemGroup>
    <ClInclude Include="tgaimage.h">
      <Filter>头文件\Data</Filter>
    </ClInclude>
    <ClInclude Include="OBJParser.h">
      <Filter>头文件\Data</Filter>
    </ClInclude>
    <ClInclude Include="GeometricTypes.h">
      <Filter>头文件\Math</Filter>
    </ClInclude>
    <ClInclude Include="GraphicDrawing.h">
      <Filter>头文件\Render</Filter>
    </ClInclude>
    <ClInclude Include="CustomAlgorithm.h">
      <Filter>头文件\Math</Filter>
    </ClInclude>
  </ItemGroup>
</Project>